// !$*UTF8*$!
{
	archiveVersion = 1;
	classes = {
	};
	objectVersion = 56;
	objects = {

/* Begin PBXBuildFile section */
		301668002AA9A4860027419B /* BackgroundCustom.swift in Sources */ = {isa = PBXBuildFile; fileRef = 301667FF2AA9A4850027419B /* BackgroundCustom.swift */; };
		305D4A2D2A987007007422D9 /* Food_AppApp.swift in Sources */ = {isa = PBXBuildFile; fileRef = 305D4A2C2A987007007422D9 /* Food_AppApp.swift */; };
		305D4A2F2A987007007422D9 /* ContentView.swift in Sources */ = {isa = PBXBuildFile; fileRef = 305D4A2E2A987007007422D9 /* ContentView.swift */; };
		305D4A312A98700C007422D9 /* Assets.xcassets in Resources */ = {isa = PBXBuildFile; fileRef = 305D4A302A98700C007422D9 /* Assets.xcassets */; };
		305D4A342A98700C007422D9 /* Preview Assets.xcassets in Resources */ = {isa = PBXBuildFile; fileRef = 305D4A332A98700C007422D9 /* Preview Assets.xcassets */; };
		305D4A3D2A999897007422D9 /* Poppins-Regular.ttf in Resources */ = {isa = PBXBuildFile; fileRef = 305D4A3C2A999897007422D9 /* Poppins-Regular.ttf */; };
		305D4A412A99AFA7007422D9 /* TextCustom.swift in Sources */ = {isa = PBXBuildFile; fileRef = 305D4A402A99AFA7007422D9 /* TextCustom.swift */; };
		305D4A432A99DE1B007422D9 /* Poppins-Thin.ttf in Resources */ = {isa = PBXBuildFile; fileRef = 305D4A422A99DE1B007422D9 /* Poppins-Thin.ttf */; };
		305D4A452A99DE3C007422D9 /* Poppins-SemiBold.ttf in Resources */ = {isa = PBXBuildFile; fileRef = 305D4A442A99DE3C007422D9 /* Poppins-SemiBold.ttf */; };
		305D4A482A9B6B57007422D9 /* SocialButtons.swift in Sources */ = {isa = PBXBuildFile; fileRef = 305D4A472A9B6B57007422D9 /* SocialButtons.swift */; };
		305D4A4A2A9B6CFF007422D9 /* SignInWIthDecoration.swift in Sources */ = {isa = PBXBuildFile; fileRef = 305D4A492A9B6CFF007422D9 /* SignInWIthDecoration.swift */; };
		305D4A4C2A9B6DB7007422D9 /* LinearGradientOnBoarding.swift in Sources */ = {isa = PBXBuildFile; fileRef = 305D4A4B2A9B6DB7007422D9 /* LinearGradientOnBoarding.swift */; };
		305D4A4E2A9B6F64007422D9 /* Welcome.swift in Sources */ = {isa = PBXBuildFile; fileRef = 305D4A4D2A9B6F64007422D9 /* Welcome.swift */; };
		305D4A502A9B7904007422D9 /* Login.swift in Sources */ = {isa = PBXBuildFile; fileRef = 305D4A4F2A9B7904007422D9 /* Login.swift */; };
		305D4A522A9C637A007422D9 /* TextFieldCustom.swift in Sources */ = {isa = PBXBuildFile; fileRef = 305D4A512A9C637A007422D9 /* TextFieldCustom.swift */; };
		305D4A542A9D7DD7007422D9 /* ButtonCustom.swift in Sources */ = {isa = PBXBuildFile; fileRef = 305D4A532A9D7DD7007422D9 /* ButtonCustom.swift */; };
/* End PBXBuildFile section */

/* Begin PBXFileReference section */
		301667FF2AA9A4850027419B /* BackgroundCustom.swift */ = {isa = PBXFileReference; lastKnownFileType = sourcecode.swift; path = BackgroundCustom.swift; sourceTree = "<group>"; };
		305D4A292A987007007422D9 /* Food App.app */ = {isa = PBXFileReference; explicitFileType = wrapper.application; includeInIndex = 0; path = "Food App.app"; sourceTree = BUILT_PRODUCTS_DIR; };
		305D4A2C2A987007007422D9 /* Food_AppApp.swift */ = {isa = PBXFileReference; lastKnownFileType = sourcecode.swift; path = Food_AppApp.swift; sourceTree = "<group>"; };
		305D4A2E2A987007007422D9 /* ContentView.swift */ = {isa = PBXFileReference; lastKnownFileType = sourcecode.swift; path = ContentView.swift; sourceTree = "<group>"; };
		305D4A302A98700C007422D9 /* Assets.xcassets */ = {isa = PBXFileReference; lastKnownFileType = folder.assetcatalog; path = Assets.xcassets; sourceTree = "<group>"; };
		305D4A332A98700C007422D9 /* Preview Assets.xcassets */ = {isa = PBXFileReference; lastKnownFileType = folder.assetcatalog; path = "Preview Assets.xcassets"; sourceTree = "<group>"; };
		305D4A3C2A999897007422D9 /* Poppins-Regular.ttf */ = {isa = PBXFileReference; lastKnownFileType = file; path = "Poppins-Regular.ttf"; sourceTree = "<group>"; };
		305D4A3E2A999BBF007422D9 /* Food-App-Info.plist */ = {isa = PBXFileReference; lastKnownFileType = text.plist; path = "Food-App-Info.plist"; sourceTree = SOURCE_ROOT; };
		305D4A402A99AFA7007422D9 /* TextCustom.swift */ = {isa = PBXFileReference; lastKnownFileType = sourcecode.swift; path = TextCustom.swift; sourceTree = "<group>"; };
		305D4A422A99DE1B007422D9 /* Poppins-Thin.ttf */ = {isa = PBXFileReference; lastKnownFileType = file; path = "Poppins-Thin.ttf"; sourceTree = "<group>"; };
		305D4A442A99DE3C007422D9 /* Poppins-SemiBold.ttf */ = {isa = PBXFileReference; lastKnownFileType = file; path = "Poppins-SemiBold.ttf"; sourceTree = "<group>"; };
		305D4A472A9B6B57007422D9 /* SocialButtons.swift */ = {isa = PBXFileReference; lastKnownFileType = sourcecode.swift; path = SocialButtons.swift; sourceTree = "<group>"; };
		305D4A492A9B6CFF007422D9 /* SignInWIthDecoration.swift */ = {isa = PBXFileReference; lastKnownFileType = sourcecode.swift; path = SignInWIthDecoration.swift; sourceTree = "<group>"; };
		305D4A4B2A9B6DB7007422D9 /* LinearGradientOnBoarding.swift */ = {isa = PBXFileReference; lastKnownFileType = sourcecode.swift; path = LinearGradientOnBoarding.swift; sourceTree = "<group>"; };
		305D4A4D2A9B6F64007422D9 /* Welcome.swift */ = {isa = PBXFileReference; lastKnownFileType = sourcecode.swift; path = Welcome.swift; sourceTree = "<group>"; };
		305D4A4F2A9B7904007422D9 /* Login.swift */ = {isa = PBXFileReference; lastKnownFileType = sourcecode.swift; path = Login.swift; sourceTree = "<group>"; };
		305D4A512A9C637A007422D9 /* TextFieldCustom.swift */ = {isa = PBXFileReference; lastKnownFileType = sourcecode.swift; path = TextFieldCustom.swift; sourceTree = "<group>"; };
		305D4A532A9D7DD7007422D9 /* ButtonCustom.swift */ = {isa = PBXFileReference; lastKnownFileType = sourcecode.swift; path = ButtonCustom.swift; sourceTree = "<group>"; };
/* End PBXFileReference section */

/* Begin PBXFrameworksBuildPhase section */
		305D4A262A987007007422D9 /* Frameworks */ = {
			isa = PBXFrameworksBuildPhase;
			buildActionMask = 2147483647;
			files = (
			);
			runOnlyForDeploymentPostprocessing = 0;
		};
/* End PBXFrameworksBuildPhase section */

/* Begin PBXGroup section */
		305D4A202A987007007422D9 = {
			isa = PBXGroup;
			children = (
				305D4A2B2A987007007422D9 /* Food App */,
				305D4A2A2A987007007422D9 /* Products */,
			);
			sourceTree = "<group>";
		};
		305D4A2A2A987007007422D9 /* Products */ = {
			isa = PBXGroup;
			children = (
				305D4A292A987007007422D9 /* Food App.app */,
			);
			name = Products;
			sourceTree = "<group>";
		};
		305D4A2B2A987007007422D9 /* Food App */ = {
			isa = PBXGroup;
			children = (
				305D4A462A9AE527007422D9 /* Screens */,
				305D4A3F2A99AF6A007422D9 /* Components */,
				305D4A3E2A999BBF007422D9 /* Food-App-Info.plist */,
				305D4A3A2A9997BD007422D9 /* Custom Fonts */,
				305D4A2C2A987007007422D9 /* Food_AppApp.swift */,
				305D4A302A98700C007422D9 /* Assets.xcassets */,
				305D4A322A98700C007422D9 /* Preview Content */,
			);
			path = "Food App";
			sourceTree = "<group>";
		};
		305D4A322A98700C007422D9 /* Preview Content */ = {
			isa = PBXGroup;
			children = (
				305D4A332A98700C007422D9 /* Preview Assets.xcassets */,
			);
			path = "Preview Content";
			sourceTree = "<group>";
		};
		305D4A3A2A9997BD007422D9 /* Custom Fonts */ = {
			isa = PBXGroup;
			children = (
				305D4A442A99DE3C007422D9 /* Poppins-SemiBold.ttf */,
				305D4A422A99DE1B007422D9 /* Poppins-Thin.ttf */,
				305D4A3C2A999897007422D9 /* Poppins-Regular.ttf */,
			);
			path = "Custom Fonts";
			sourceTree = "<group>";
		};
		305D4A3F2A99AF6A007422D9 /* Components */ = {
			isa = PBXGroup;
			children = (
				305D4A402A99AFA7007422D9 /* TextCustom.swift */,
				305D4A472A9B6B57007422D9 /* SocialButtons.swift */,
				305D4A492A9B6CFF007422D9 /* SignInWIthDecoration.swift */,
				305D4A4B2A9B6DB7007422D9 /* LinearGradientOnBoarding.swift */,
				305D4A512A9C637A007422D9 /* TextFieldCustom.swift */,
				305D4A532A9D7DD7007422D9 /* ButtonCustom.swift */,
				301667FF2AA9A4850027419B /* BackgroundCustom.swift */,
			);
			path = Components;
			sourceTree = "<group>";
		};
		305D4A462A9AE527007422D9 /* Screens */ = {
			isa = PBXGroup;
			children = (
				305D4A2E2A987007007422D9 /* ContentView.swift */,
				305D4A4D2A9B6F64007422D9 /* Welcome.swift */,
				305D4A4F2A9B7904007422D9 /* Login.swift */,
			);
			path = Screens;
			sourceTree = "<group>";
		};
/* End PBXGroup section */

/* Begin PBXNativeTarget section */
		305D4A282A987007007422D9 /* Food App */ = {
			isa = PBXNativeTarget;
			buildConfigurationList = 305D4A372A98700C007422D9 /* Build configuration list for PBXNativeTarget "Food App" */;
			buildPhases = (
				305D4A252A987007007422D9 /* Sources */,
				305D4A262A987007007422D9 /* Frameworks */,
				305D4A272A987007007422D9 /* Resources */,
			);
			buildRules = (
			);
			dependencies = (
			);
			name = "Food App";
			productName = "Food App";
			productReference = 305D4A292A987007007422D9 /* Food App.app */;
			productType = "com.apple.product-type.application";
		};
/* End PBXNativeTarget section */

/* Begin PBXProject section */
		305D4A212A987007007422D9 /* Project object */ = {
			isa = PBXProject;
			attributes = {
				BuildIndependentTargetsInParallel = 1;
				LastSwiftUpdateCheck = 1500;
				LastUpgradeCheck = 1500;
				TargetAttributes = {
					305D4A282A987007007422D9 = {
						CreatedOnToolsVersion = 15.0;
					};
				};
			};
			buildConfigurationList = 305D4A242A987007007422D9 /* Build configuration list for PBXProject "Food App" */;
			compatibilityVersion = "Xcode 14.0";
			developmentRegion = en;
			hasScannedForEncodings = 0;
			knownRegions = (
				en,
				Base,
			);
			mainGroup = 305D4A202A987007007422D9;
			productRefGroup = 305D4A2A2A987007007422D9 /* Products */;
			projectDirPath = "";
			projectRoot = "";
			targets = (
				305D4A282A987007007422D9 /* Food App */,
			);
		};
/* End PBXProject section */

/* Begin PBXResourcesBuildPhase section */
		305D4A272A987007007422D9 /* Resources */ = {
			isa = PBXResourcesBuildPhase;
			buildActionMask = 2147483647;
			files = (
				305D4A452A99DE3C007422D9 /* Poppins-SemiBold.ttf in Resources */,
				305D4A3D2A999897007422D9 /* Poppins-Regular.ttf in Resources */,
				305D4A432A99DE1B007422D9 /* Poppins-Thin.ttf in Resources */,
				305D4A342A98700C007422D9 /* Preview Assets.xcassets in Resources */,
				305D4A312A98700C007422D9 /* Assets.xcassets in Resources */,
			);
			runOnlyForDeploymentPostprocessing = 0;
		};
/* End PBXResourcesBuildPhase section */

/* Begin PBXSourcesBuildPhase section */
		305D4A252A987007007422D9 /* Sources */ = {
			isa = PBXSourcesBuildPhase;
			buildActionMask = 2147483647;
			files = (
				305D4A2F2A987007007422D9 /* ContentView.swift in Sources */,
				305D4A482A9B6B57007422D9 /* SocialButtons.swift in Sources */,
				305D4A2D2A987007007422D9 /* Food_AppApp.swift in Sources */,
				305D4A4A2A9B6CFF007422D9 /* SignInWIthDecoration.swift in Sources */,
				305D4A412A99AFA7007422D9 /* TextCustom.swift in Sources */,
				305D4A4C2A9B6DB7007422D9 /* LinearGradientOnBoarding.swift in Sources */,
				305D4A522A9C637A007422D9 /* TextFieldCustom.swift in Sources */,
				305D4A4E2A9B6F64007422D9 /* Welcome.swift in Sources */,
				305D4A542A9D7DD7007422D9 /* ButtonCustom.swift in Sources */,
				305D4A502A9B7904007422D9 /* Login.swift in Sources */,
				301668002AA9A4860027419B /* BackgroundCustom.swift in Sources */,
			);
			runOnlyForDeploymentPostprocessing = 0;
		};
/* End PBXSourcesBuildPhase section */

/* Begin XCBuildConfiguration section */
		305D4A352A98700C007422D9 /* Debug */ = {
			isa = XCBuildConfiguration;
			buildSettings = {
				ALWAYS_SEARCH_USER_PATHS = NO;
				ASSETCATALOG_COMPILER_GENERATE_SWIFT_ASSET_SYMBOL_EXTENSIONS = YES;
				CLANG_ANALYZER_NONNULL = YES;
				CLANG_ANALYZER_NUMBER_OBJECT_CONVERSION = YES_AGGRESSIVE;
				CLANG_CXX_LANGUAGE_STANDARD = "gnu++20";
				CLANG_ENABLE_MODULES = YES;
				CLANG_ENABLE_OBJC_ARC = YES;
				CLANG_ENABLE_OBJC_WEAK = YES;
				CLANG_WARN_BLOCK_CAPTURE_AUTORELEASING = YES;
				CLANG_WARN_BOOL_CONVERSION = YES;
				CLANG_WARN_COMMA = YES;
				CLANG_WARN_CONSTANT_CONVERSION = YES;
				CLANG_WARN_DEPRECATED_OBJC_IMPLEMENTATIONS = YES;
				CLANG_WARN_DIRECT_OBJC_ISA_USAGE = YES_ERROR;
				CLANG_WARN_DOCUMENTATION_COMMENTS = YES;
				CLANG_WARN_EMPTY_BODY = YES;
				CLANG_WARN_ENUM_CONVERSION = YES;
				CLANG_WARN_INFINITE_RECURSION = YES;
				CLANG_WARN_INT_CONVERSION = YES;
				CLANG_WARN_NON_LITERAL_NULL_CONVERSION = YES;
				CLANG_WARN_OBJC_IMPLICIT_RETAIN_SELF = YES;
				CLANG_WARN_OBJC_LITERAL_CONVERSION = YES;
				CLANG_WARN_OBJC_ROOT_CLASS = YES_ERROR;
				CLANG_WARN_QUOTED_INCLUDE_IN_FRAMEWORK_HEADER = YES;
				CLANG_WARN_RANGE_LOOP_ANALYSIS = YES;
				CLANG_WARN_STRICT_PROTOTYPES = YES;
				CLANG_WARN_SUSPICIOUS_MOVE = YES;
				CLANG_WARN_UNGUARDED_AVAILABILITY = YES_AGGRESSIVE;
				CLANG_WARN_UNREACHABLE_CODE = YES;
				CLANG_WARN__DUPLICATE_METHOD_MATCH = YES;
				COPY_PHASE_STRIP = NO;
				DEBUG_INFORMATION_FORMAT = dwarf;
				ENABLE_STRICT_OBJC_MSGSEND = YES;
				ENABLE_TESTABILITY = YES;
				ENABLE_USER_SCRIPT_SANDBOXING = YES;
				GCC_C_LANGUAGE_STANDARD = gnu17;
				GCC_DYNAMIC_NO_PIC = NO;
				GCC_NO_COMMON_BLOCKS = YES;
				GCC_OPTIMIZATION_LEVEL = 0;
				GCC_PREPROCESSOR_DEFINITIONS = (
					"DEBUG=1",
					"$(inherited)",
				);
				GCC_WARN_64_TO_32_BIT_CONVERSION = YES;
				GCC_WARN_ABOUT_RETURN_TYPE = YES_ERROR;
				GCC_WARN_UNDECLARED_SELECTOR = YES;
				GCC_WARN_UNINITIALIZED_AUTOS = YES_AGGRESSIVE;
				GCC_WARN_UNUSED_FUNCTION = YES;
				GCC_WARN_UNUSED_VARIABLE = YES;
				IPHONEOS_DEPLOYMENT_TARGET = 17.0;
				LOCALIZATION_PREFERS_STRING_CATALOGS = YES;
				MTL_ENABLE_DEBUG_INFO = INCLUDE_SOURCE;
				MTL_FAST_MATH = YES;
				ONLY_ACTIVE_ARCH = YES;
				SDKROOT = iphoneos;
				SWIFT_ACTIVE_COMPILATION_CONDITIONS = "DEBUG $(inherited)";
				SWIFT_OPTIMIZATION_LEVEL = "-Onone";
			};
			name = Debug;
		};
		305D4A362A98700C007422D9 /* Release */ = {
			isa = XCBuildConfiguration;
			buildSettings = {
				ALWAYS_SEARCH_USER_PATHS = NO;
				ASSETCATALOG_COMPILER_GENERATE_SWIFT_ASSET_SYMBOL_EXTENSIONS = YES;
				CLANG_ANALYZER_NONNULL = YES;
				CLANG_ANALYZER_NUMBER_OBJECT_CONVERSION = YES_AGGRESSIVE;
				CLANG_CXX_LANGUAGE_STANDARD = "gnu++20";
				CLANG_ENABLE_MODULES = YES;
				CLANG_ENABLE_OBJC_ARC = YES;
				CLANG_ENABLE_OBJC_WEAK = YES;
				CLANG_WARN_BLOCK_CAPTURE_AUTORELEASING = YES;
				CLANG_WARN_BOOL_CONVERSION = YES;
				CLANG_WARN_COMMA = YES;
				CLANG_WARN_CONSTANT_CONVERSION = YES;
				CLANG_WARN_DEPRECATED_OBJC_IMPLEMENTATIONS = YES;
				CLANG_WARN_DIRECT_OBJC_ISA_USAGE = YES_ERROR;
				CLANG_WARN_DOCUMENTATION_COMMENTS = YES;
				CLANG_WARN_EMPTY_BODY = YES;
				CLANG_WARN_ENUM_CONVERSION = YES;
				CLANG_WARN_INFINITE_RECURSION = YES;
				CLANG_WARN_INT_CONVERSION = YES;
				CLANG_WARN_NON_LITERAL_NULL_CONVERSION = YES;
				CLANG_WARN_OBJC_IMPLICIT_RETAIN_SELF = YES;
				CLANG_WARN_OBJC_LITERAL_CONVERSION = YES;
				CLANG_WARN_OBJC_ROOT_CLASS = YES_ERROR;
				CLANG_WARN_QUOTED_INCLUDE_IN_FRAMEWORK_HEADER = YES;
				CLANG_WARN_RANGE_LOOP_ANALYSIS = YES;
				CLANG_WARN_STRICT_PROTOTYPES = YES;
				CLANG_WARN_SUSPICIOUS_MOVE = YES;
				CLANG_WARN_UNGUARDED_AVAILABILITY = YES_AGGRESSIVE;
				CLANG_WARN_UNREACHABLE_CODE = YES;
				CLANG_WARN__DUPLICATE_METHOD_MATCH = YES;
				COPY_PHASE_STRIP = NO;
				DEBUG_INFORMATION_FORMAT = "dwarf-with-dsym";
				ENABLE_NS_ASSERTIONS = NO;
				ENABLE_STRICT_OBJC_MSGSEND = YES;
				ENABLE_USER_SCRIPT_SANDBOXING = YES;
				GCC_C_LANGUAGE_STANDARD = gnu17;
				GCC_NO_COMMON_BLOCKS = YES;
				GCC_WARN_64_TO_32_BIT_CONVERSION = YES;
				GCC_WARN_ABOUT_RETURN_TYPE = YES_ERROR;
				GCC_WARN_UNDECLARED_SELECTOR = YES;
				GCC_WARN_UNINITIALIZED_AUTOS = YES_AGGRESSIVE;
				GCC_WARN_UNUSED_FUNCTION = YES;
				GCC_WARN_UNUSED_VARIABLE = YES;
				IPHONEOS_DEPLOYMENT_TARGET = 17.0;
				LOCALIZATION_PREFERS_STRING_CATALOGS = YES;
				MTL_ENABLE_DEBUG_INFO = NO;
				MTL_FAST_MATH = YES;
				SDKROOT = iphoneos;
				SWIFT_COMPILATION_MODE = wholemodule;
				VALIDATE_PRODUCT = YES;
			};
			name = Release;
		};
		305D4A382A98700C007422D9 /* Debug */ = {
			isa = XCBuildConfiguration;
			buildSettings = {
				ASSETCATALOG_COMPILER_APPICON_NAME = AppIcon;
				ASSETCATALOG_COMPILER_GLOBAL_ACCENT_COLOR_NAME = AccentColor;
				CODE_SIGN_STYLE = Automatic;
				CURRENT_PROJECT_VERSION = 1;
				DEVELOPMENT_ASSET_PATHS = "\"Food App/Preview Content\"";
				ENABLE_PREVIEWS = YES;
				GENERATE_INFOPLIST_FILE = YES;
				INFOPLIST_FILE = "Food-App-Info.plist";
				INFOPLIST_KEY_UIApplicationSceneManifest_Generation = YES;
				INFOPLIST_KEY_UIApplicationSupportsIndirectInputEvents = YES;
				INFOPLIST_KEY_UILaunchScreen_Generation = YES;
				INFOPLIST_KEY_UISupportedInterfaceOrientations_iPad = "UIInterfaceOrientationPortrait UIInterfaceOrientationPortraitUpsideDown UIInterfaceOrientationLandscapeLeft UIInterfaceOrientationLandscapeRight";
				INFOPLIST_KEY_UISupportedInterfaceOrientations_iPhone = "UIInterfaceOrientationPortrait UIInterfaceOrientationLandscapeLeft UIInterfaceOrientationLandscapeRight";
				LD_RUNPATH_SEARCH_PATHS = (
					"$(inherited)",
					"@executable_path/Frameworks",
				);
				MARKETING_VERSION = 1.0;
				PRODUCT_BUNDLE_IDENTIFIER = "test.Food-App";
				PRODUCT_NAME = "$(TARGET_NAME)";
				SWIFT_EMIT_LOC_STRINGS = YES;
				SWIFT_VERSION = 5.0;
				TARGETED_DEVICE_FAMILY = "1,2";
			};
			name = Debug;
		};
		305D4A392A98700C007422D9 /* Release */ = {
			isa = XCBuildConfiguration;
			buildSettings = {
				ASSETCATALOG_COMPILER_APPICON_NAME = AppIcon;
				ASSETCATALOG_COMPILER_GLOBAL_ACCENT_COLOR_NAME = AccentColor;
				CODE_SIGN_STYLE = Automatic;
				CURRENT_PROJECT_VERSION = 1;
				DEVELOPMENT_ASSET_PATHS = "\"Food App/Preview Content\"";
				ENABLE_PREVIEWS = YES;
				GENERATE_INFOPLIST_FILE = YES;
				INFOPLIST_FILE = "Food-App-Info.plist";
				INFOPLIST_KEY_UIApplicationSceneManifest_Generation = YES;
				INFOPLIST_KEY_UIApplicationSupportsIndirectInputEvents = YES;
				INFOPLIST_KEY_UILaunchScreen_Generation = YES;
				INFOPLIST_KEY_UISupportedInterfaceOrientations_iPad = "UIInterfaceOrientationPortrait UIInterfaceOrientationPortraitUpsideDown UIInterfaceOrientationLandscapeLeft UIInterfaceOrientationLandscapeRight";
				INFOPLIST_KEY_UISupportedInterfaceOrientations_iPhone = "UIInterfaceOrientationPortrait UIInterfaceOrientationLandscapeLeft UIInterfaceOrientationLandscapeRight";
				LD_RUNPATH_SEARCH_PATHS = (
					"$(inherited)",
					"@executable_path/Frameworks",
				);
				MARKETING_VERSION = 1.0;
				PRODUCT_BUNDLE_IDENTIFIER = "test.Food-App";
				PRODUCT_NAME = "$(TARGET_NAME)";
				SWIFT_EMIT_LOC_STRINGS = YES;
				SWIFT_VERSION = 5.0;
				TARGETED_DEVICE_FAMILY = "1,2";
			};
			name = Release;
		};
/* End XCBuildConfiguration section */

/* Begin XCConfigurationList section */
		305D4A242A987007007422D9 /* Build configuration list for PBXProject "Food App" */ = {
			isa = XCConfigurationList;
			buildConfigurations = (
				305D4A352A98700C007422D9 /* Debug */,
				305D4A362A98700C007422D9 /* Release */,
			);
			defaultConfigurationIsVisible = 0;
			defaultConfigurationName = Release;
		};
		305D4A372A98700C007422D9 /* Build configuration list for PBXNativeTarget "Food App" */ = {
			isa = XCConfigurationList;
			buildConfigurations = (
				305D4A382A98700C007422D9 /* Debug */,
				305D4A392A98700C007422D9 /* Release */,
			);
			defaultConfigurationIsVisible = 0;
			defaultConfigurationName = Release;
		};
/* End XCConfigurationList section */
	};
	rootObject = 305D4A212A987007007422D9 /* Project object */;
}
